
Microsoft Visual Studio Solution File, Format Version 12.00
# Visual Studio Version 16
VisualStudioVersion = 16.0.31019.35
MinimumVisualStudioVersion = 10.0.40219.1
Project("{FAE04EC0-301F-11D3-BF4B-00C04F79EFBC}") = "Login", "Login\Login.csproj", "{A44E0207-98EA-471E-A2D0-D4123D383A4A}"
EndProject
Global
	GlobalSection(SolutionConfigurationPlatforms) = preSolution
		Debug|Any CPU = Debug|Any CPU
		Release|Any CPU = Release|Any CPU
	EndGlobalSection
	GlobalSection(ProjectConfigurationPlatforms) = postSolution
		{A44E0207-98EA-471E-A2D0-D4123D383A4A}.Debug|Any CPU.ActiveCfg = Debug|Any CPU
		{A44E0207-98EA-471E-A2D0-D4123D383A4A}.Debug|Any CPU.Build.0 = Debug|Any CPU
		{A44E0207-98EA-471E-A2D0-D4123D383A4A}.Release|Any CPU.ActiveCfg = Release|Any CPU
		{A44E0207-98EA-471E-A2D0-D4123D383A4A}.Release|Any CPU.Build.0 = Release|Any CPU
	EndGlobalSection
	GlobalSection(SolutionProperties) = preSolution
		HideSolutionNode = FALSE
	EndGlobalSection
	GlobalSection(ExtensibilityGlobals) = postSolution
		SolutionGuid = {A36EEDAC-EF0E-43AF-8C21-67DF5A81F3C2}
	EndGlobalSection
EndGlobal
